
Microsoft Visual Studio Solution File, Format Version 12.00
# Visual Studio Version 18
VisualStudioVersion = 18.0.11201.2
MinimumVisualStudioVersion = 10.0.40219.1
Project("{2150E333-8FDC-42A3-9474-1A3956D46DE8}") = "src", "src", "{6B0D9C16-B59C-4F81-AEBD-91BB7190DD6D}"
EndProject
Project("{2150E333-8FDC-42A3-9474-1A3956D46DE8}") = "tests", "tests", "{B5DA3264-D734-4E30-84C3-0D83E00709EE}"
EndProject
Project("{FAE04EC0-301F-11D3-BF4B-00C04F79EFBC}") = "PragmaStack.Core", "src\Core\PragmaStack.Core.csproj", "{2523266A-9353-96F6-104C-5BD70E482A05}"
EndProject
Project("{FAE04EC0-301F-11D3-BF4B-00C04F79EFBC}") = "UnitTests", "tests\UnitTests\UnitTests.csproj", "{9D1DD2CD-7B04-4472-4377-027563F356CA}"
EndProject
Project("{FAE04EC0-301F-11D3-BF4B-00C04F79EFBC}") = "Benchmarks", "tests\Benchmarks\Benchmarks.csproj", "{5DA8E889-98CF-29ED-F1F6-EA6647177338}"
EndProject
Project("{2150E333-8FDC-42A3-9474-1A3956D46DE8}") = "scripts", "scripts", "{C4F2F155-00DC-4E9E-BB1F-8E5E5A95478B}"
	ProjectSection(SolutionItems) = preProject
		scripts\clear-solution.sh = scripts\clear-solution.sh
	EndProjectSection
EndProject
Project("{2150E333-8FDC-42A3-9474-1A3956D46DE8}") = "samples", "samples", "{437B67E4-FE4C-41D6-9762-4ECE62B5D942}"
EndProject
Project("{2150E333-8FDC-42A3-9474-1A3956D46DE8}") = "MyStore", "MyStore", "{C5332A84-96BE-4D88-831E-386C3A181FD2}"
EndProject
Global
	GlobalSection(SolutionConfigurationPlatforms) = preSolution
		Debug|Any CPU = Debug|Any CPU
		Release|Any CPU = Release|Any CPU
	EndGlobalSection
	GlobalSection(ProjectConfigurationPlatforms) = postSolution
		{2523266A-9353-96F6-104C-5BD70E482A05}.Debug|Any CPU.ActiveCfg = Debug|Any CPU
		{2523266A-9353-96F6-104C-5BD70E482A05}.Debug|Any CPU.Build.0 = Debug|Any CPU
		{2523266A-9353-96F6-104C-5BD70E482A05}.Release|Any CPU.ActiveCfg = Release|Any CPU
		{2523266A-9353-96F6-104C-5BD70E482A05}.Release|Any CPU.Build.0 = Release|Any CPU
		{9D1DD2CD-7B04-4472-4377-027563F356CA}.Debug|Any CPU.ActiveCfg = Debug|Any CPU
		{9D1DD2CD-7B04-4472-4377-027563F356CA}.Debug|Any CPU.Build.0 = Debug|Any CPU
		{9D1DD2CD-7B04-4472-4377-027563F356CA}.Release|Any CPU.ActiveCfg = Release|Any CPU
		{9D1DD2CD-7B04-4472-4377-027563F356CA}.Release|Any CPU.Build.0 = Release|Any CPU
		{5DA8E889-98CF-29ED-F1F6-EA6647177338}.Debug|Any CPU.ActiveCfg = Debug|Any CPU
		{5DA8E889-98CF-29ED-F1F6-EA6647177338}.Debug|Any CPU.Build.0 = Debug|Any CPU
		{5DA8E889-98CF-29ED-F1F6-EA6647177338}.Release|Any CPU.ActiveCfg = Release|Any CPU
		{5DA8E889-98CF-29ED-F1F6-EA6647177338}.Release|Any CPU.Build.0 = Release|Any CPU
	EndGlobalSection
	GlobalSection(SolutionProperties) = preSolution
		HideSolutionNode = FALSE
	EndGlobalSection
	GlobalSection(NestedProjects) = preSolution
		{2523266A-9353-96F6-104C-5BD70E482A05} = {6B0D9C16-B59C-4F81-AEBD-91BB7190DD6D}
		{9D1DD2CD-7B04-4472-4377-027563F356CA} = {B5DA3264-D734-4E30-84C3-0D83E00709EE}
		{5DA8E889-98CF-29ED-F1F6-EA6647177338} = {B5DA3264-D734-4E30-84C3-0D83E00709EE}
		{C5332A84-96BE-4D88-831E-386C3A181FD2} = {437B67E4-FE4C-41D6-9762-4ECE62B5D942}
	EndGlobalSection
	GlobalSection(ExtensibilityGlobals) = postSolution
		SolutionGuid = {4A7B9627-AE4B-4D79-AF42-56BDA0881BD0}
	EndGlobalSection
EndGlobal
